{
    "_meta": {
        "hash": {
            "sha256": "b49c2b0e4f38815e517710d5d2fb46626b773d10d1865cbc805aaef2a65cc696"
        },
        "pipfile-spec": 6,
        "requires": {
            "python_version": "3.9"
        },
        "sources": [
            {
                "name": "pypi",
                "url": "https://pypi.org/simple",
                "verify_ssl": true
            }
        ]
    },
    "default": {
        "prefixed": {
            "hashes": [
                "sha256:5e107306462d63f2f03c529dbf11b0026fdfec621a9a008ca639d71de22995c3",
                "sha256:ca48277ba5fa8346dd4b760847da930c7b84416387c39e93affef086add2c029"
            ],
            "index": "pypi",
            "version": "==0.3.2"
        },
        "pyside2": {
            "hashes": [
                "sha256:3c9a24557edf25b60fded6ed99a9b5e4b287be1cc3857e76e18dd930e54240e3",
                "sha256:66cc78e4c6b0754409c79a3c0321a87728d1ef2cc137c61737f1cc1b24574988",
                "sha256:76f0e0875ed9eb526a98b9e8dedac033a25cdcf7a51eb366451a0202b140d8d4",
                "sha256:8b737c2f42770918623e704d1bef9cd3df39bd09f1bc61cc550bdc6daa7088f6",
                "sha256:9d7c076d1c4665c57a7e0b912a52be132410d369c98325c0583c323f10cbe3aa",
                "sha256:db7ae55f88a13fda43ed956a12853f8b5e6ae7148f9ac3565719afa03bbeca8e"
            ],
            "index": "pypi",
            "version": "==5.15.1"
        },
        "shiboken2": {
            "hashes": [
                "sha256:28f98204d0ad77861b553db12eec0fa04c6e2da7e16126e761bdd70bbd8ae511",
                "sha256:44d0cecf0b0b5d844d7cb1edccc209cb9cd26f2c1624298af9905bb41782fbbf",
                "sha256:4c112b5758a39ffa5473d2c6995e2594eb6e002332d9dac35e2efd9debf157a2",
                "sha256:55249cad55541471b60256179d92be08d520873b76f9cff595bae775dbb06aba",
                "sha256:610e3fd0cd16e85f85ef81bc09762868ade2239d43f6de6f3db0733ee6810619",
                "sha256:71f563daabc3a363ccc27a843cfb452f01ebaeb24e5e46704964ffa4c7dc98d9"
            ],
            "markers": "python_version >= '2.7' and python_version not in '3.0, 3.1, 3.2, 3.3, 3.4' and python_version < '3.10'",
            "version": "==5.15.1"
        }
    },
    "develop": {}
}
